PODS:
  - NDAutolayoutUtils (1.0):
    - NDAutolayoutUtils/Swift (= 1.0)
  - NDAutolayoutUtils/Core (1.0):
    - NDLog (~> 1.0)
    - NDUtils/Foundation (~> 1.0)
  - NDAutolayoutUtils/ObjC (1.0):
    - NDAutolayoutUtils/Core
  - NDAutolayoutUtils/Swift (1.0):
    - NDAutolayoutUtils/Core
  - NDLog (1.0):
    - NDLog/Swift (= 1.0)
  - NDLog/Core_ObjC (1.0)
  - NDLog/Core_Swift (1.0):
    - NDLog/Core_ObjC
  - NDLog/ObjC (1.0):
    - NDLog/Core_ObjC
  - NDLog/Swift (1.0):
    - NDLog/Core_Swift
  - NDManualObjects (1.0):
    - NDLog/ObjC (~> 1.0)
    - NDManualObjects/Swift (= 1.0)
    - NDUtils/objc_ObjC (~> 1.0)
  - NDManualObjects/Abstracts_ObjC (1.0):
    - NDLog/ObjC (~> 1.0)
    - NDManualObjects/Core_ObjC
    - NDUtils/objc_ObjC (~> 1.0)
  - NDManualObjects/Abstracts_Swift (1.0):
    - NDLog/ObjC (~> 1.0)
    - NDManualObjects/Abstracts_ObjC
    - NDUtils/objc_ObjC (~> 1.0)
  - NDManualObjects/Core_ObjC (1.0):
    - NDLog/ObjC (~> 1.0)
    - NDUtils/objc_ObjC (~> 1.0)
  - NDManualObjects/Core_Swift (1.0):
    - NDLog/ObjC (~> 1.0)
    - NDManualObjects/Core_ObjC
    - NDUtils/objc_ObjC (~> 1.0)
  - NDManualObjects/ObjC (1.0):
    - NDLog/ObjC (~> 1.0)
    - NDManualObjects/Abstracts_ObjC
    - NDManualObjects/Core_ObjC
    - NDManualObjects/Objects_ObjC
    - NDUtils/objc_ObjC (~> 1.0)
  - NDManualObjects/Objects_ObjC (1.0):
    - NDLog/ObjC (~> 1.0)
    - NDManualObjects/Abstracts_ObjC
    - NDUtils/objc_ObjC (~> 1.0)
  - NDManualObjects/Objects_Swift (1.0):
    - NDLog/ObjC (~> 1.0)
    - NDManualObjects/Objects_ObjC
    - NDUtils/objc_ObjC (~> 1.0)
  - NDManualObjects/Swift (1.0):
    - NDLog/ObjC (~> 1.0)
    - NDManualObjects/Abstracts_Swift
    - NDManualObjects/Core_Swift
    - NDManualObjects/Objects_Swift
    - NDUtils/objc_ObjC (~> 1.0)
  - NDModificationOperators (1.0):
    - NDModificationOperators/Swift (= 1.0)
  - NDModificationOperators/Swift (1.0)
  - NDMVVM (1.0):
    - NDMVVM/Swift (= 1.0)
  - NDMVVM/Abstracts_ObjC (1.0):
    - NDLog/ObjC (~> 1.0)
    - NDMVVM/Core_ObjC
    - NDUtils/objc_ObjC (~> 1.0)
  - NDMVVM/Abstracts_Swift (1.0):
    - NDMVVM/Abstracts_ObjC
  - NDMVVM/Core_ObjC (1.0)
  - NDMVVM/Core_Swift (1.0):
    - NDMVVM/Core_ObjC
  - NDMVVM/Swift (1.0):
    - NDMVVM/Abstracts_Swift
    - NDMVVM/Core_Swift
    - NDMVVM/ViewModels_Swift
    - NDMVVM/Views_Swift
  - NDMVVM/ViewModels_ObjC (1.0):
    - NDLog/ObjC (~> 1.0)
    - NDMVVM/Abstracts_ObjC
    - NDUtils/objc_ObjC (~> 1.0)
  - NDMVVM/ViewModels_Swift (1.0):
    - NDMVVM/ViewModels_ObjC
  - NDMVVM/Views_ObjC (1.0):
    - NDAutolayoutUtils/ObjC (~> 1.0)
    - NDLog/ObjC (~> 1.0)
    - NDManualObjects/ObjC (~> 1.0)
    - NDMVVM/Abstracts_ObjC
    - NDUtils/UIKit_ObjC (~> 1.0)
  - NDMVVM/Views_Swift (1.0):
    - NDMVVM/Views_ObjC
    - NDUtils/UIKit_Swift (~> 1.0)
  - NDUtils (1.0):
    - NDUtils/Swift (= 1.0)
  - NDUtils/Core_ObjC (1.0)
  - NDUtils/Core_Swift (1.0):
    - NDUtils/Core_ObjC
  - NDUtils/CoreGraphics_ObjC (1.0)
  - NDUtils/CoreGraphics_Swift (1.0):
    - NDUtils/CoreGraphics_ObjC
  - NDUtils/Foundation (1.0):
    - NDUtils/Foundation_Swift
  - NDUtils/Foundation_ObjC (1.0):
    - NDLog/ObjC (~> 1.0)
    - NDUtils/objc_ObjC
  - NDUtils/Foundation_Swift (1.0):
    - NDUtils/Foundation_ObjC
  - NDUtils/libextobjc_ObjC (1.0):
    - NDUtils/Core_ObjC
  - NDUtils/libextobjc_Swift (1.0):
    - NDUtils/libextobjc_ObjC
  - NDUtils/objc_ObjC (1.0):
    - NDLog/ObjC (~> 1.0)
    - NDUtils/Core_ObjC
  - NDUtils/objc_Swift (1.0):
    - NDUtils/objc_ObjC
  - NDUtils/QuartzCore_ObjC (1.0):
    - NDUtils/objc_ObjC
  - NDUtils/QuartzCore_Swift (1.0):
    - NDUtils/QuartzCore_ObjC
  - NDUtils/Swift (1.0):
    - NDUtils/Core_Swift
    - NDUtils/CoreGraphics_Swift
    - NDUtils/Foundation_Swift
    - NDUtils/libextobjc_Swift
    - NDUtils/objc_Swift
    - NDUtils/QuartzCore_Swift
    - NDUtils/UIKit_Swift
  - NDUtils/UIKit_ObjC (1.0):
    - NDUtils/CoreGraphics_ObjC
    - NDUtils/Foundation_ObjC
    - NDUtils/libextobjc_ObjC
    - NDUtils/QuartzCore_ObjC
  - NDUtils/UIKit_Swift (1.0):
    - NDUtils/UIKit_ObjC

DEPENDENCIES:
  - NDAutolayoutUtils (from `../NDAutolayoutUtils`)
  - NDLog (from `../NDLog`)
  - NDManualObjects (from `../NDManualObjects`)
  - NDModificationOperators (from `../NDModificationOperators`)
  - NDMVVM (from `../NDMVVM`)
  - NDUtils (from `.`)

EXTERNAL SOURCES:
  NDAutolayoutUtils:
    :path: "../NDAutolayoutUtils"
  NDLog:
    :path: "../NDLog"
  NDManualObjects:
    :path: "../NDManualObjects"
  NDModificationOperators:
    :path: "../NDModificationOperators"
  NDMVVM:
    :path: "../NDMVVM"
  NDUtils:
    :path: "."

SPEC CHECKSUMS:
  NDAutolayoutUtils: 5f95bc90b92a5e90e7331672af0489872d57a77f
  NDLog: 81509c11e58a8143df72d3793a79d436f6e2d6d8
  NDManualObjects: d9df10ba12498465ae6f96d4b61dc2fecb785a3f
  NDModificationOperators: 6599c843fc9d945ac03eb01689f635144e95905c
  NDMVVM: 6b5599cdcfca4f5e3be099274aad291a99267ba1
  NDUtils: 88150120d1391b58493e5245019e4ad6224c1362

PODFILE CHECKSUM: 41bc2f9d51abcd7514d882c509d8659fb064bdfd

COCOAPODS: 1.10.1
