// !$*UTF8*$!
{
	archiveVersion = 1;
	classes = {
	};
	objectVersion = 52;
	objects = {

/* Begin PBXBuildFile section */
		3E81420E05EB993261C52D94 /* Pods_NDUtils.framework in Frameworks */ = {isa = PBXBuildFile; fileRef = F206841960E47241E10E19B2 /* Pods_NDUtils.framework */; };
		A63BE7CE6664D70277D5D9E5 /* Pods_NDUtils_NDUtilsTests.framework in Frameworks */ = {isa = PBXBuildFile; fileRef = 4A1A99E34699FDAF6637AEAC /* Pods_NDUtils_NDUtilsTests.framework */; };
		BA33795F24E1338E0061B1DC /* UIViewController+NDUtils_PanDownToDismiss.h in Headers */ = {isa = PBXBuildFile; fileRef = BA33795D24E1338E0061B1DC /* UIViewController+NDUtils_PanDownToDismiss.h */; };
		BA33796024E1338E0061B1DC /* UIViewController+NDUtils_PanDownToDismiss.mm in Sources */ = {isa = PBXBuildFile; fileRef = BA33795E24E1338E0061B1DC /* UIViewController+NDUtils_PanDownToDismiss.mm */; };
		BA33796324E133EF0061B1DC /* NDPossession.h in Headers */ = {isa = PBXBuildFile; fileRef = BA33796124E133EF0061B1DC /* NDPossession.h */; };
		BA33796424E133EF0061B1DC /* NDPossession.mm in Sources */ = {isa = PBXBuildFile; fileRef = BA33796224E133EF0061B1DC /* NDPossession.mm */; };
		BA33796524E134650061B1DC /* NDPossession.h in Copy Files objc */ = {isa = PBXBuildFile; fileRef = BA33796124E133EF0061B1DC /* NDPossession.h */; };
		BA33796624E134E20061B1DC /* UIViewController+NDUtils_PanDownToDismiss.h in Copy Files UIKit */ = {isa = PBXBuildFile; fileRef = BA33795D24E1338E0061B1DC /* UIViewController+NDUtils_PanDownToDismiss.h */; };
		BA33796A24E138640061B1DC /* runtime+NDUtils.h in Headers */ = {isa = PBXBuildFile; fileRef = BA33796824E138640061B1DC /* runtime+NDUtils.h */; };
		BA33796B24E138640061B1DC /* runtime+NDUtils.mm in Sources */ = {isa = PBXBuildFile; fileRef = BA33796924E138640061B1DC /* runtime+NDUtils.mm */; };
		BA33796D24E139300061B1DC /* runtime+NDUtils.h in Copy Files objc */ = {isa = PBXBuildFile; fileRef = BA33796824E138640061B1DC /* runtime+NDUtils.h */; };
		BA33797024E13DE30061B1DC /* UITextField+NDUtils.h in Headers */ = {isa = PBXBuildFile; fileRef = BA33796E24E13DE30061B1DC /* UITextField+NDUtils.h */; };
		BA33797124E13DE30061B1DC /* UITextField+NDUtils.mm in Sources */ = {isa = PBXBuildFile; fileRef = BA33796F24E13DE30061B1DC /* UITextField+NDUtils.mm */; };
		BA33797224E13E450061B1DC /* UITextField+NDUtils.h in Copy Files UIKit */ = {isa = PBXBuildFile; fileRef = BA33796E24E13DE30061B1DC /* UITextField+NDUtils.h */; };
		BA33797424E143F20061B1DC /* CoreGraphics.framework in Frameworks */ = {isa = PBXBuildFile; fileRef = BA33797324E143F20061B1DC /* CoreGraphics.framework */; };
		BA33797724E144F30061B1DC /* UITextView+NDUtils.h in Headers */ = {isa = PBXBuildFile; fileRef = BA33797524E144F30061B1DC /* UITextView+NDUtils.h */; };
		BA33797824E144F30061B1DC /* UITextView+NDUtils.mm in Sources */ = {isa = PBXBuildFile; fileRef = BA33797624E144F30061B1DC /* UITextView+NDUtils.mm */; };
		BA33797924E1452F0061B1DC /* UITextView+NDUtils.h in Copy Files UIKit */ = {isa = PBXBuildFile; fileRef = BA33797524E144F30061B1DC /* UITextView+NDUtils.h */; };
		BA33797C24E146330061B1DC /* UIScrollView+NDUtils.h in Headers */ = {isa = PBXBuildFile; fileRef = BA33797A24E146330061B1DC /* UIScrollView+NDUtils.h */; };
		BA33797D24E146330061B1DC /* UIScrollView+NDUtils.mm in Sources */ = {isa = PBXBuildFile; fileRef = BA33797B24E146330061B1DC /* UIScrollView+NDUtils.mm */; };
		BA33797E24E146AC0061B1DC /* UIScrollView+NDUtils.h in Copy Files UIKit */ = {isa = PBXBuildFile; fileRef = BA33797A24E146330061B1DC /* UIScrollView+NDUtils.h */; };
		BA33798124E147AD0061B1DC /* UINavigationController+NDUtils.h in Headers */ = {isa = PBXBuildFile; fileRef = BA33797F24E147AD0061B1DC /* UINavigationController+NDUtils.h */; };
		BA33798224E147AD0061B1DC /* UINavigationController+NDUtils.mm in Sources */ = {isa = PBXBuildFile; fileRef = BA33798024E147AD0061B1DC /* UINavigationController+NDUtils.mm */; };
		BA33798524E147BE0061B1DC /* UIImagePickerController+NDUtils.h in Headers */ = {isa = PBXBuildFile; fileRef = BA33798324E147BE0061B1DC /* UIImagePickerController+NDUtils.h */; };
		BA33798624E147BE0061B1DC /* UIImagePickerController+NDUtils.mm in Sources */ = {isa = PBXBuildFile; fileRef = BA33798424E147BE0061B1DC /* UIImagePickerController+NDUtils.mm */; };
		BA33798724E1488E0061B1DC /* UINavigationController+NDUtils.h in Copy Files UIKit */ = {isa = PBXBuildFile; fileRef = BA33797F24E147AD0061B1DC /* UINavigationController+NDUtils.h */; };
		BA33798824E1488E0061B1DC /* UIImagePickerController+NDUtils.h in Copy Files UIKit */ = {isa = PBXBuildFile; fileRef = BA33798324E147BE0061B1DC /* UIImagePickerController+NDUtils.h */; };
		BA33798C24E14B530061B1DC /* CATransaction+NDUtils.h in Headers */ = {isa = PBXBuildFile; fileRef = BA33798A24E14B520061B1DC /* CATransaction+NDUtils.h */; };
		BA33798D24E14B530061B1DC /* CATransaction+NDUtils.mm in Sources */ = {isa = PBXBuildFile; fileRef = BA33798B24E14B530061B1DC /* CATransaction+NDUtils.mm */; };
		BA33798F24E14F830061B1DC /* CATransaction+NDUtils.h in Copy Files QuartzCore */ = {isa = PBXBuildFile; fileRef = BA33798A24E14B520061B1DC /* CATransaction+NDUtils.h */; };
		BA33799124E150310061B1DC /* QuartzCore.framework in Frameworks */ = {isa = PBXBuildFile; fileRef = BA33799024E150310061B1DC /* QuartzCore.framework */; };
		BA33799424E1533C0061B1DC /* NSAttributedString+NDUtils_UIKit.h in Headers */ = {isa = PBXBuildFile; fileRef = BA33799224E1533B0061B1DC /* NSAttributedString+NDUtils_UIKit.h */; };
		BA33799524E1533C0061B1DC /* NSAttributedString+NDUtils_UIKit.mm in Sources */ = {isa = PBXBuildFile; fileRef = BA33799324E1533C0061B1DC /* NSAttributedString+NDUtils_UIKit.mm */; };
		BA33799624E153B50061B1DC /* NSAttributedString+NDUtils_UIKit.h in Copy Files UIKit */ = {isa = PBXBuildFile; fileRef = BA33799224E1533B0061B1DC /* NSAttributedString+NDUtils_UIKit.h */; };
		BA337A0524E39C960061B1DC /* UIImage+NDUtils.h in Headers */ = {isa = PBXBuildFile; fileRef = BA337A0324E39C960061B1DC /* UIImage+NDUtils.h */; };
		BA337A0624E39C960061B1DC /* UIImage+NDUtils.mm in Sources */ = {isa = PBXBuildFile; fileRef = BA337A0424E39C960061B1DC /* UIImage+NDUtils.mm */; };
		BA337A0724E39CD10061B1DC /* UIImage+NDUtils.h in Copy Files UIKit */ = {isa = PBXBuildFile; fileRef = BA337A0324E39C960061B1DC /* UIImage+NDUtils.h */; };
		BA337A0A24E3CC660061B1DC /* NSObject+NDUtils_Foundation.h in Headers */ = {isa = PBXBuildFile; fileRef = BA337A0824E3CC660061B1DC /* NSObject+NDUtils_Foundation.h */; };
		BA337A0B24E3CC660061B1DC /* NSObject+NDUtils_Foundation.mm in Sources */ = {isa = PBXBuildFile; fileRef = BA337A0924E3CC660061B1DC /* NSObject+NDUtils_Foundation.mm */; };
		BA337A0C24E3CD300061B1DC /* NSObject+NDUtils_Foundation.h in Copy Files Foundation */ = {isa = PBXBuildFile; fileRef = BA337A0824E3CC660061B1DC /* NSObject+NDUtils_Foundation.h */; };
		BA96091A24BD506600EB97FB /* UIView+NDUtils.h in Headers */ = {isa = PBXBuildFile; fileRef = BA96091824BD506600EB97FB /* UIView+NDUtils.h */; };
		BA96091B24BD506600EB97FB /* UIView+NDUtils.mm in Sources */ = {isa = PBXBuildFile; fileRef = BA96091924BD506600EB97FB /* UIView+NDUtils.mm */; };
		BA96091C24BD56D500EB97FB /* NDMacros.h in Copy Files Foundation */ = {isa = PBXBuildFile; fileRef = BACED10A24A34B2400798A38 /* NDMacros.h */; };
		BA96091D24BD56E300EB97FB /* UIView+NDUtils.h in Copy Files UIKit */ = {isa = PBXBuildFile; fileRef = BA96091824BD506600EB97FB /* UIView+NDUtils.h */; };
		BA96091F24BD572F00EB97FB /* EXTScope.h in Copy Files libextobjc */ = {isa = PBXBuildFile; fileRef = BACED10424A3436400798A38 /* EXTScope.h */; };
		BA96092024BD572F00EB97FB /* metamacros.h in Copy Files libextobjc */ = {isa = PBXBuildFile; fileRef = BACED10824A3436A00798A38 /* metamacros.h */; };
		BAA7BF5A24CFDED900737B61 /* UIControl+NDUtils.h in Headers */ = {isa = PBXBuildFile; fileRef = BAA7BF5824CFDED900737B61 /* UIControl+NDUtils.h */; };
		BAA7BF5B24CFDED900737B61 /* UIControl+NDUtils.mm in Sources */ = {isa = PBXBuildFile; fileRef = BAA7BF5924CFDED900737B61 /* UIControl+NDUtils.mm */; };
		BAA7BF5D24CFDFAE00737B61 /* UIControl+NDUtils.h in Copy Files UIKit */ = {isa = PBXBuildFile; fileRef = BAA7BF5824CFDED900737B61 /* UIControl+NDUtils.h */; };
		BABCD91624E6907100CCB07C /* UIDevice+NDUtils.h in Headers */ = {isa = PBXBuildFile; fileRef = BABCD91424E6907100CCB07C /* UIDevice+NDUtils.h */; };
		BABCD91724E6907100CCB07C /* UIDevice+NDUtils.mm in Sources */ = {isa = PBXBuildFile; fileRef = BABCD91524E6907100CCB07C /* UIDevice+NDUtils.mm */; };
		BABCD91824E6935300CCB07C /* UIDevice+NDUtils.h in Copy Files UIKit */ = {isa = PBXBuildFile; fileRef = BABCD91424E6907100CCB07C /* UIDevice+NDUtils.h */; };
		BACED09324A1B3B900798A38 /* NSString+NDUtils.h in Headers */ = {isa = PBXBuildFile; fileRef = BACED09124A1B3B900798A38 /* NSString+NDUtils.h */; };
		BACED09424A1B3B900798A38 /* NSString+NDUtils.mm in Sources */ = {isa = PBXBuildFile; fileRef = BACED09224A1B3B900798A38 /* NSString+NDUtils.mm */; };
		BACED09624A1B84400798A38 /* NSString+NDUtils.h in Copy Files Foundation */ = {isa = PBXBuildFile; fileRef = BACED09124A1B3B900798A38 /* NSString+NDUtils.h */; };
		BACED0FE24A30ED300798A38 /* NSObject+NDUtils.h in Headers */ = {isa = PBXBuildFile; fileRef = BACED0FC24A30ED300798A38 /* NSObject+NDUtils.h */; };
		BACED0FF24A30ED300798A38 /* NSObject+NDUtils.mm in Sources */ = {isa = PBXBuildFile; fileRef = BACED0FD24A30ED300798A38 /* NSObject+NDUtils.mm */; };
		BACED10024A326CB00798A38 /* NSObject+NDUtils.h in Copy Files objc */ = {isa = PBXBuildFile; fileRef = BACED0FC24A30ED300798A38 /* NSObject+NDUtils.h */; };
		BACED10624A3436500798A38 /* EXTScope.h in Headers */ = {isa = PBXBuildFile; fileRef = BACED10424A3436400798A38 /* EXTScope.h */; };
		BACED10724A3436500798A38 /* EXTScope.m in Sources */ = {isa = PBXBuildFile; fileRef = BACED10524A3436400798A38 /* EXTScope.m */; };
		BACED10924A3436A00798A38 /* metamacros.h in Headers */ = {isa = PBXBuildFile; fileRef = BACED10824A3436A00798A38 /* metamacros.h */; };
		BACED10C24A34B2400798A38 /* NDMacros.h in Headers */ = {isa = PBXBuildFile; fileRef = BACED10A24A34B2400798A38 /* NDMacros.h */; };
		BACED10D24A34B2400798A38 /* NDMacros.mm in Sources */ = {isa = PBXBuildFile; fileRef = BACED10B24A34B2400798A38 /* NDMacros.mm */; };
		BAFD7F81247E1F7A00EC8CF3 /* NDUtils.framework in Frameworks */ = {isa = PBXBuildFile; fileRef = BAFD7F77247E1F7A00EC8CF3 /* NDUtils.framework */; };
		BAFD7F86247E1F7A00EC8CF3 /* NDUtilsTests.m in Sources */ = {isa = PBXBuildFile; fileRef = BAFD7F85247E1F7A00EC8CF3 /* NDUtilsTests.m */; };
		BAFD7F88247E1F7A00EC8CF3 /* NDUtils.h in Headers */ = {isa = PBXBuildFile; fileRef = BAFD7F7A247E1F7A00EC8CF3 /* NDUtils.h */; settings = {ATTRIBUTES = (Public, ); }; };
		BAFD7F93247E1FA400EC8CF3 /* UIColor+NDUtils.h in Headers */ = {isa = PBXBuildFile; fileRef = BAFD7F91247E1FA400EC8CF3 /* UIColor+NDUtils.h */; };
		BAFD7F94247E1FA400EC8CF3 /* UIColor+NDUtils.mm in Sources */ = {isa = PBXBuildFile; fileRef = BAFD7F92247E1FA400EC8CF3 /* UIColor+NDUtils.mm */; };
		BAFD7F97247E1FB700EC8CF3 /* UIFont+NDUtils.h in Headers */ = {isa = PBXBuildFile; fileRef = BAFD7F95247E1FB700EC8CF3 /* UIFont+NDUtils.h */; };
		BAFD7F98247E1FB700EC8CF3 /* UIFont+NDUtils.mm in Sources */ = {isa = PBXBuildFile; fileRef = BAFD7F96247E1FB700EC8CF3 /* UIFont+NDUtils.mm */; };
		BAFD7F9B247E20F700EC8CF3 /* UIColor+NDUtils.h in Copy Files UIKit */ = {isa = PBXBuildFile; fileRef = BAFD7F91247E1FA400EC8CF3 /* UIColor+NDUtils.h */; };
		BAFD7F9C247E20F700EC8CF3 /* UIFont+NDUtils.h in Copy Files UIKit */ = {isa = PBXBuildFile; fileRef = BAFD7F95247E1FB700EC8CF3 /* UIFont+NDUtils.h */; };
		BAFD7F9F247E214E00EC8CF3 /* UIKit.framework in Frameworks */ = {isa = PBXBuildFile; fileRef = BAFD7F9E247E214E00EC8CF3 /* UIKit.framework */; platformFilter = ios; };
		BAFD7FA2247E23CD00EC8CF3 /* UIFontTests.swift in Sources */ = {isa = PBXBuildFile; fileRef = BAFD7FA1247E23CD00EC8CF3 /* UIFontTests.swift */; };
		BAFD7FA9247E27B600EC8CF3 /* .swiftlint.yml in Resources */ = {isa = PBXBuildFile; fileRef = BAFD7FA4247E27B500EC8CF3 /* .swiftlint.yml */; };
		BAFD7FAA247E27B600EC8CF3 /* .swift-format in Resources */ = {isa = PBXBuildFile; fileRef = BAFD7FA5247E27B600EC8CF3 /* .swift-format */; };
		BAFD7FAB247E27B600EC8CF3 /* NDUtils.podspec in Resources */ = {isa = PBXBuildFile; fileRef = BAFD7FA6247E27B600EC8CF3 /* NDUtils.podspec */; };
		BAFD7FAC247E27B600EC8CF3 /* LICENSE in Resources */ = {isa = PBXBuildFile; fileRef = BAFD7FA7247E27B600EC8CF3 /* LICENSE */; };
		BAFD7FAD247E27B600EC8CF3 /* README.md in Resources */ = {isa = PBXBuildFile; fileRef = BAFD7FA8247E27B600EC8CF3 /* README.md */; };
		BAFD7FAF247E37E400EC8CF3 /* UIColorTests.swift in Sources */ = {isa = PBXBuildFile; fileRef = BAFD7FAE247E37E400EC8CF3 /* UIColorTests.swift */; };
/* End PBXBuildFile section */

/* Begin PBXContainerItemProxy section */
		BAFD7F82247E1F7A00EC8CF3 /* PBXContainerItemProxy */ = {
			isa = PBXContainerItemProxy;
			containerPortal = BAFD7F6E247E1F7A00EC8CF3 /* Project object */;
			proxyType = 1;
			remoteGlobalIDString = BAFD7F76247E1F7A00EC8CF3;
			remoteInfo = NDUtils;
		};
/* End PBXContainerItemProxy section */

/* Begin PBXCopyFilesBuildPhase section */
		BA33796C24E1391C0061B1DC /* Copy Files objc */ = {
			isa = PBXCopyFilesBuildPhase;
			buildActionMask = 2147483647;
			dstPath = Headers/objc;
			dstSubfolderSpec = 1;
			files = (
				BA33796D24E139300061B1DC /* runtime+NDUtils.h in Copy Files objc */,
				BACED10024A326CB00798A38 /* NSObject+NDUtils.h in Copy Files objc */,
				BA33796524E134650061B1DC /* NDPossession.h in Copy Files objc */,
			);
			name = "Copy Files objc";
			runOnlyForDeploymentPostprocessing = 0;
		};
		BA33798E24E14F490061B1DC /* Copy Files QuartzCore */ = {
			isa = PBXCopyFilesBuildPhase;
			buildActionMask = 2147483647;
			dstPath = Headers/QuartzCore;
			dstSubfolderSpec = 1;
			files = (
				BA33798F24E14F830061B1DC /* CATransaction+NDUtils.h in Copy Files QuartzCore */,
			);
			name = "Copy Files QuartzCore";
			runOnlyForDeploymentPostprocessing = 0;
		};
		BA96091E24BD56E900EB97FB /* Copy Files libextobjc */ = {
			isa = PBXCopyFilesBuildPhase;
			buildActionMask = 2147483647;
			dstPath = Headers/libextobjc;
			dstSubfolderSpec = 1;
			files = (
				BA96091F24BD572F00EB97FB /* EXTScope.h in Copy Files libextobjc */,
				BA96092024BD572F00EB97FB /* metamacros.h in Copy Files libextobjc */,
			);
			name = "Copy Files libextobjc";
			runOnlyForDeploymentPostprocessing = 0;
		};
		BACED09524A1B82700798A38 /* Copy Files Foundation */ = {
			isa = PBXCopyFilesBuildPhase;
			buildActionMask = 2147483647;
			dstPath = Headers/Foundation;
			dstSubfolderSpec = 1;
			files = (
				BA337A0C24E3CD300061B1DC /* NSObject+NDUtils_Foundation.h in Copy Files Foundation */,
				BA96091C24BD56D500EB97FB /* NDMacros.h in Copy Files Foundation */,
				BACED09624A1B84400798A38 /* NSString+NDUtils.h in Copy Files Foundation */,
			);
			name = "Copy Files Foundation";
			runOnlyForDeploymentPostprocessing = 0;
		};
		BAFD7F9A247E20DE00EC8CF3 /* Copy Files UIKit */ = {
			isa = PBXCopyFilesBuildPhase;
			buildActionMask = 2147483647;
			dstPath = Headers/UIKit;
			dstSubfolderSpec = 1;
			files = (
				BABCD91824E6935300CCB07C /* UIDevice+NDUtils.h in Copy Files UIKit */,
				BA337A0724E39CD10061B1DC /* UIImage+NDUtils.h in Copy Files UIKit */,
				BA33799624E153B50061B1DC /* NSAttributedString+NDUtils_UIKit.h in Copy Files UIKit */,
				BA33798724E1488E0061B1DC /* UINavigationController+NDUtils.h in Copy Files UIKit */,
				BA33798824E1488E0061B1DC /* UIImagePickerController+NDUtils.h in Copy Files UIKit */,
				BA33797E24E146AC0061B1DC /* UIScrollView+NDUtils.h in Copy Files UIKit */,
				BA33797924E1452F0061B1DC /* UITextView+NDUtils.h in Copy Files UIKit */,
				BA33797224E13E450061B1DC /* UITextField+NDUtils.h in Copy Files UIKit */,
				BA33796624E134E20061B1DC /* UIViewController+NDUtils_PanDownToDismiss.h in Copy Files UIKit */,
				BAA7BF5D24CFDFAE00737B61 /* UIControl+NDUtils.h in Copy Files UIKit */,
				BA96091D24BD56E300EB97FB /* UIView+NDUtils.h in Copy Files UIKit */,
				BAFD7F9B247E20F700EC8CF3 /* UIColor+NDUtils.h in Copy Files UIKit */,
				BAFD7F9C247E20F700EC8CF3 /* UIFont+NDUtils.h in Copy Files UIKit */,
			);
			name = "Copy Files UIKit";
			runOnlyForDeploymentPostprocessing = 0;
		};
/* End PBXCopyFilesBuildPhase section */

/* Begin PBXFileReference section */
		28A5832CC16DCDCD5E92A67E /* Pods-NDUtils.debug.xcconfig */ = {isa = PBXFileReference; includeInIndex = 1; lastKnownFileType = text.xcconfig; name = "Pods-NDUtils.debug.xcconfig"; path = "Target Support Files/Pods-NDUtils/Pods-NDUtils.debug.xcconfig"; sourceTree = "<group>"; };
		4A1A99E34699FDAF6637AEAC /* Pods_NDUtils_NDUtilsTests.framework */ = {isa = PBXFileReference; explicitFileType = wrapper.framework; includeInIndex = 0; path = Pods_NDUtils_NDUtilsTests.framework; sourceTree = BUILT_PRODUCTS_DIR; };
		A76273796DC9473A2F2A7758 /* Pods-NDUtils-NDUtilsTests.debug.xcconfig */ = {isa = PBXFileReference; includeInIndex = 1; lastKnownFileType = text.xcconfig; name = "Pods-NDUtils-NDUtilsTests.debug.xcconfig"; path = "Target Support Files/Pods-NDUtils-NDUtilsTests/Pods-NDUtils-NDUtilsTests.debug.xcconfig"; sourceTree = "<group>"; };
		ABE3B821EE5CFF9CE3889C33 /* Pods-NDUtils.release.xcconfig */ = {isa = PBXFileReference; includeInIndex = 1; lastKnownFileType = text.xcconfig; name = "Pods-NDUtils.release.xcconfig"; path = "Target Support Files/Pods-NDUtils/Pods-NDUtils.release.xcconfig"; sourceTree = "<group>"; };
		BA33795D24E1338E0061B1DC /* UIViewController+NDUtils_PanDownToDismiss.h */ = {isa = PBXFileReference; lastKnownFileType = sourcecode.c.h; path = "UIViewController+NDUtils_PanDownToDismiss.h"; sourceTree = "<group>"; };
		BA33795E24E1338E0061B1DC /* UIViewController+NDUtils_PanDownToDismiss.mm */ = {isa = PBXFileReference; lastKnownFileType = sourcecode.cpp.objcpp; path = "UIViewController+NDUtils_PanDownToDismiss.mm"; sourceTree = "<group>"; };
		BA33796124E133EF0061B1DC /* NDPossession.h */ = {isa = PBXFileReference; lastKnownFileType = sourcecode.c.h; path = NDPossession.h; sourceTree = "<group>"; };
		BA33796224E133EF0061B1DC /* NDPossession.mm */ = {isa = PBXFileReference; lastKnownFileType = sourcecode.cpp.objcpp; path = NDPossession.mm; sourceTree = "<group>"; };
		BA33796824E138640061B1DC /* runtime+NDUtils.h */ = {isa = PBXFileReference; lastKnownFileType = sourcecode.c.h; path = "runtime+NDUtils.h"; sourceTree = "<group>"; };
		BA33796924E138640061B1DC /* runtime+NDUtils.mm */ = {isa = PBXFileReference; lastKnownFileType = sourcecode.cpp.objcpp; path = "runtime+NDUtils.mm"; sourceTree = "<group>"; };
		BA33796E24E13DE30061B1DC /* UITextField+NDUtils.h */ = {isa = PBXFileReference; lastKnownFileType = sourcecode.c.h; path = "UITextField+NDUtils.h"; sourceTree = "<group>"; };
		BA33796F24E13DE30061B1DC /* UITextField+NDUtils.mm */ = {isa = PBXFileReference; lastKnownFileType = sourcecode.cpp.objcpp; path = "UITextField+NDUtils.mm"; sourceTree = "<group>"; };
		BA33797324E143F20061B1DC /* CoreGraphics.framework */ = {isa = PBXFileReference; lastKnownFileType = wrapper.framework; name = CoreGraphics.framework; path = System/Library/Frameworks/CoreGraphics.framework; sourceTree = SDKROOT; };
		BA33797524E144F30061B1DC /* UITextView+NDUtils.h */ = {isa = PBXFileReference; lastKnownFileType = sourcecode.c.h; path = "UITextView+NDUtils.h"; sourceTree = "<group>"; };
		BA33797624E144F30061B1DC /* UITextView+NDUtils.mm */ = {isa = PBXFileReference; lastKnownFileType = sourcecode.cpp.objcpp; path = "UITextView+NDUtils.mm"; sourceTree = "<group>"; };
		BA33797A24E146330061B1DC /* UIScrollView+NDUtils.h */ = {isa = PBXFileReference; lastKnownFileType = sourcecode.c.h; path = "UIScrollView+NDUtils.h"; sourceTree = "<group>"; };
		BA33797B24E146330061B1DC /* UIScrollView+NDUtils.mm */ = {isa = PBXFileReference; lastKnownFileType = sourcecode.cpp.objcpp; path = "UIScrollView+NDUtils.mm"; sourceTree = "<group>"; };
		BA33797F24E147AD0061B1DC /* UINavigationController+NDUtils.h */ = {isa = PBXFileReference; lastKnownFileType = sourcecode.c.h; path = "UINavigationController+NDUtils.h"; sourceTree = "<group>"; };
		BA33798024E147AD0061B1DC /* UINavigationController+NDUtils.mm */ = {isa = PBXFileReference; lastKnownFileType = sourcecode.cpp.objcpp; path = "UINavigationController+NDUtils.mm"; sourceTree = "<group>"; };
		BA33798324E147BE0061B1DC /* UIImagePickerController+NDUtils.h */ = {isa = PBXFileReference; lastKnownFileType = sourcecode.c.h; path = "UIImagePickerController+NDUtils.h"; sourceTree = "<group>"; };
		BA33798424E147BE0061B1DC /* UIImagePickerController+NDUtils.mm */ = {isa = PBXFileReference; lastKnownFileType = sourcecode.cpp.objcpp; path = "UIImagePickerController+NDUtils.mm"; sourceTree = "<group>"; };
		BA33798A24E14B520061B1DC /* CATransaction+NDUtils.h */ = {isa = PBXFileReference; lastKnownFileType = sourcecode.c.h; path = "CATransaction+NDUtils.h"; sourceTree = "<group>"; };
		BA33798B24E14B530061B1DC /* CATransaction+NDUtils.mm */ = {isa = PBXFileReference; lastKnownFileType = sourcecode.cpp.objcpp; path = "CATransaction+NDUtils.mm"; sourceTree = "<group>"; };
		BA33799024E150310061B1DC /* QuartzCore.framework */ = {isa = PBXFileReference; lastKnownFileType = wrapper.framework; name = QuartzCore.framework; path = System/Library/Frameworks/QuartzCore.framework; sourceTree = SDKROOT; };
		BA33799224E1533B0061B1DC /* NSAttributedString+NDUtils_UIKit.h */ = {isa = PBXFileReference; lastKnownFileType = sourcecode.c.h; path = "NSAttributedString+NDUtils_UIKit.h"; sourceTree = "<group>"; };
		BA33799324E1533C0061B1DC /* NSAttributedString+NDUtils_UIKit.mm */ = {isa = PBXFileReference; lastKnownFileType = sourcecode.cpp.objcpp; path = "NSAttributedString+NDUtils_UIKit.mm"; sourceTree = "<group>"; };
		BA337A0324E39C960061B1DC /* UIImage+NDUtils.h */ = {isa = PBXFileReference; lastKnownFileType = sourcecode.c.h; path = "UIImage+NDUtils.h"; sourceTree = "<group>"; };
		BA337A0424E39C960061B1DC /* UIImage+NDUtils.mm */ = {isa = PBXFileReference; lastKnownFileType = sourcecode.cpp.objcpp; path = "UIImage+NDUtils.mm"; sourceTree = "<group>"; };
		BA337A0824E3CC660061B1DC /* NSObject+NDUtils_Foundation.h */ = {isa = PBXFileReference; lastKnownFileType = sourcecode.c.h; path = "NSObject+NDUtils_Foundation.h"; sourceTree = "<group>"; };
		BA337A0924E3CC660061B1DC /* NSObject+NDUtils_Foundation.mm */ = {isa = PBXFileReference; lastKnownFileType = sourcecode.cpp.objcpp; path = "NSObject+NDUtils_Foundation.mm"; sourceTree = "<group>"; };
		BA96091724BD4CF200EB97FB /* NDUtils.modulemap */ = {isa = PBXFileReference; lastKnownFileType = "sourcecode.module-map"; path = NDUtils.modulemap; sourceTree = "<group>"; };
		BA96091824BD506600EB97FB /* UIView+NDUtils.h */ = {isa = PBXFileReference; lastKnownFileType = sourcecode.c.h; path = "UIView+NDUtils.h"; sourceTree = "<group>"; };
		BA96091924BD506600EB97FB /* UIView+NDUtils.mm */ = {isa = PBXFileReference; lastKnownFileType = sourcecode.cpp.objcpp; path = "UIView+NDUtils.mm"; sourceTree = "<group>"; };
		BAA7BF5824CFDED900737B61 /* UIControl+NDUtils.h */ = {isa = PBXFileReference; lastKnownFileType = sourcecode.c.h; path = "UIControl+NDUtils.h"; sourceTree = "<group>"; };
		BAA7BF5924CFDED900737B61 /* UIControl+NDUtils.mm */ = {isa = PBXFileReference; lastKnownFileType = sourcecode.cpp.objcpp; path = "UIControl+NDUtils.mm"; sourceTree = "<group>"; };
		BABCD91424E6907100CCB07C /* UIDevice+NDUtils.h */ = {isa = PBXFileReference; lastKnownFileType = sourcecode.c.h; path = "UIDevice+NDUtils.h"; sourceTree = "<group>"; };
		BABCD91524E6907100CCB07C /* UIDevice+NDUtils.mm */ = {isa = PBXFileReference; lastKnownFileType = sourcecode.cpp.objcpp; path = "UIDevice+NDUtils.mm"; sourceTree = "<group>"; };
		BACED09124A1B3B900798A38 /* NSString+NDUtils.h */ = {isa = PBXFileReference; lastKnownFileType = sourcecode.c.h; path = "NSString+NDUtils.h"; sourceTree = "<group>"; };
		BACED09224A1B3B900798A38 /* NSString+NDUtils.mm */ = {isa = PBXFileReference; lastKnownFileType = sourcecode.cpp.objcpp; path = "NSString+NDUtils.mm"; sourceTree = "<group>"; };
		BACED0FC24A30ED300798A38 /* NSObject+NDUtils.h */ = {isa = PBXFileReference; lastKnownFileType = sourcecode.c.h; path = "NSObject+NDUtils.h"; sourceTree = "<group>"; };
		BACED0FD24A30ED300798A38 /* NSObject+NDUtils.mm */ = {isa = PBXFileReference; lastKnownFileType = sourcecode.cpp.objcpp; path = "NSObject+NDUtils.mm"; sourceTree = "<group>"; };
		BACED10424A3436400798A38 /* EXTScope.h */ = {isa = PBXFileReference; fileEncoding = 4; lastKnownFileType = sourcecode.c.h; path = EXTScope.h; sourceTree = "<group>"; };
		BACED10524A3436400798A38 /* EXTScope.m */ = {isa = PBXFileReference; fileEncoding = 4; lastKnownFileType = sourcecode.c.objc; path = EXTScope.m; sourceTree = "<group>"; };
		BACED10824A3436A00798A38 /* metamacros.h */ = {isa = PBXFileReference; fileEncoding = 4; lastKnownFileType = sourcecode.c.h; path = metamacros.h; sourceTree = "<group>"; };
		BACED10A24A34B2400798A38 /* NDMacros.h */ = {isa = PBXFileReference; lastKnownFileType = sourcecode.c.h; path = NDMacros.h; sourceTree = "<group>"; };
		BACED10B24A34B2400798A38 /* NDMacros.mm */ = {isa = PBXFileReference; lastKnownFileType = sourcecode.cpp.objcpp; path = NDMacros.mm; sourceTree = "<group>"; };
		BAFD7F77247E1F7A00EC8CF3 /* NDUtils.framework */ = {isa = PBXFileReference; explicitFileType = wrapper.framework; includeInIndex = 0; path = NDUtils.framework; sourceTree = BUILT_PRODUCTS_DIR; };
		BAFD7F7A247E1F7A00EC8CF3 /* NDUtils.h */ = {isa = PBXFileReference; lastKnownFileType = sourcecode.c.h; path = NDUtils.h; sourceTree = "<group>"; };
		BAFD7F7B247E1F7A00EC8CF3 /* Info.plist */ = {isa = PBXFileReference; lastKnownFileType = text.plist.xml; path = Info.plist; sourceTree = "<group>"; };
		BAFD7F80247E1F7A00EC8CF3 /* NDUtilsTests.xctest */ = {isa = PBXFileReference; explicitFileType = wrapper.cfbundle; includeInIndex = 0; path = NDUtilsTests.xctest; sourceTree = BUILT_PRODUCTS_DIR; };
		BAFD7F85247E1F7A00EC8CF3 /* NDUtilsTests.m */ = {isa = PBXFileReference; lastKnownFileType = sourcecode.c.objc; path = NDUtilsTests.m; sourceTree = "<group>"; };
		BAFD7F87247E1F7A00EC8CF3 /* Info.plist */ = {isa = PBXFileReference; lastKnownFileType = text.plist.xml; path = Info.plist; sourceTree = "<group>"; };
		BAFD7F91247E1FA400EC8CF3 /* UIColor+NDUtils.h */ = {isa = PBXFileReference; lastKnownFileType = sourcecode.c.h; path = "UIColor+NDUtils.h"; sourceTree = "<group>"; };
		BAFD7F92247E1FA400EC8CF3 /* UIColor+NDUtils.mm */ = {isa = PBXFileReference; lastKnownFileType = sourcecode.cpp.objcpp; path = "UIColor+NDUtils.mm"; sourceTree = "<group>"; };
		BAFD7F95247E1FB700EC8CF3 /* UIFont+NDUtils.h */ = {isa = PBXFileReference; lastKnownFileType = sourcecode.c.h; path = "UIFont+NDUtils.h"; sourceTree = "<group>"; };
		BAFD7F96247E1FB700EC8CF3 /* UIFont+NDUtils.mm */ = {isa = PBXFileReference; lastKnownFileType = sourcecode.cpp.objcpp; path = "UIFont+NDUtils.mm"; sourceTree = "<group>"; };
		BAFD7F9E247E214E00EC8CF3 /* UIKit.framework */ = {isa = PBXFileReference; lastKnownFileType = wrapper.framework; name = UIKit.framework; path = System/Library/Frameworks/UIKit.framework; sourceTree = SDKROOT; };
		BAFD7FA0247E23CC00EC8CF3 /* NDUtilsTests-Bridging-Header.h */ = {isa = PBXFileReference; lastKnownFileType = sourcecode.c.h; path = "NDUtilsTests-Bridging-Header.h"; sourceTree = "<group>"; };
		BAFD7FA1247E23CD00EC8CF3 /* UIFontTests.swift */ = {isa = PBXFileReference; lastKnownFileType = sourcecode.swift; path = UIFontTests.swift; sourceTree = "<group>"; };
		BAFD7FA4247E27B500EC8CF3 /* .swiftlint.yml */ = {isa = PBXFileReference; fileEncoding = 4; lastKnownFileType = text.yaml; path = .swiftlint.yml; sourceTree = "<group>"; };
		BAFD7FA5247E27B600EC8CF3 /* .swift-format */ = {isa = PBXFileReference; fileEncoding = 4; lastKnownFileType = text; path = ".swift-format"; sourceTree = "<group>"; };
		BAFD7FA6247E27B600EC8CF3 /* NDUtils.podspec */ = {isa = PBXFileReference; fileEncoding = 4; lastKnownFileType = text; path = NDUtils.podspec; sourceTree = "<group>"; xcLanguageSpecificationIdentifier = xcode.lang.ruby; };
		BAFD7FA7247E27B600EC8CF3 /* LICENSE */ = {isa = PBXFileReference; fileEncoding = 4; lastKnownFileType = text; path = LICENSE; sourceTree = "<group>"; };
		BAFD7FA8247E27B600EC8CF3 /* README.md */ = {isa = PBXFileReference; fileEncoding = 4; lastKnownFileType = net.daringfireball.markdown; path = README.md; sourceTree = "<group>"; };
		BAFD7FAE247E37E400EC8CF3 /* UIColorTests.swift */ = {isa = PBXFileReference; lastKnownFileType = sourcecode.swift; path = UIColorTests.swift; sourceTree = "<group>"; };
		EDB36C6E5087DAC10A3A1206 /* Pods-NDUtils-NDUtilsTests.release.xcconfig */ = {isa = PBXFileReference; includeInIndex = 1; lastKnownFileType = text.xcconfig; name = "Pods-NDUtils-NDUtilsTests.release.xcconfig"; path = "Target Support Files/Pods-NDUtils-NDUtilsTests/Pods-NDUtils-NDUtilsTests.release.xcconfig"; sourceTree = "<group>"; };
		F206841960E47241E10E19B2 /* Pods_NDUtils.framework */ = {isa = PBXFileReference; explicitFileType = wrapper.framework; includeInIndex = 0; path = Pods_NDUtils.framework; sourceTree = BUILT_PRODUCTS_DIR; };
/* End PBXFileReference section */

/* Begin PBXFrameworksBuildPhase section */
		BAFD7F74247E1F7A00EC8CF3 /* Frameworks */ = {
			isa = PBXFrameworksBuildPhase;
			buildActionMask = 2147483647;
			files = (
				BA33799124E150310061B1DC /* QuartzCore.framework in Frameworks */,
				BA33797424E143F20061B1DC /* CoreGraphics.framework in Frameworks */,
				BAFD7F9F247E214E00EC8CF3 /* UIKit.framework in Frameworks */,
				3E81420E05EB993261C52D94 /* Pods_NDUtils.framework in Frameworks */,
			);
			runOnlyForDeploymentPostprocessing = 0;
		};
		BAFD7F7D247E1F7A00EC8CF3 /* Frameworks */ = {
			isa = PBXFrameworksBuildPhase;
			buildActionMask = 2147483647;
			files = (
				BAFD7F81247E1F7A00EC8CF3 /* NDUtils.framework in Frameworks */,
				A63BE7CE6664D70277D5D9E5 /* Pods_NDUtils_NDUtilsTests.framework in Frameworks */,
			);
			runOnlyForDeploymentPostprocessing = 0;
		};
/* End PBXFrameworksBuildPhase section */

/* Begin PBXGroup section */
		99E61FED668CA8745B73EEE5 /* Pods */ = {
			isa = PBXGroup;
			children = (
				28A5832CC16DCDCD5E92A67E /* Pods-NDUtils.debug.xcconfig */,
				ABE3B821EE5CFF9CE3889C33 /* Pods-NDUtils.release.xcconfig */,
				A76273796DC9473A2F2A7758 /* Pods-NDUtils-NDUtilsTests.debug.xcconfig */,
				EDB36C6E5087DAC10A3A1206 /* Pods-NDUtils-NDUtilsTests.release.xcconfig */,
			);
			path = Pods;
			sourceTree = "<group>";
		};
		BA33796724E138530061B1DC /* objc */ = {
			isa = PBXGroup;
			children = (
				BACED0FC24A30ED300798A38 /* NSObject+NDUtils.h */,
				BACED0FD24A30ED300798A38 /* NSObject+NDUtils.mm */,
				BA33796124E133EF0061B1DC /* NDPossession.h */,
				BA33796224E133EF0061B1DC /* NDPossession.mm */,
				BA33796824E138640061B1DC /* runtime+NDUtils.h */,
				BA33796924E138640061B1DC /* runtime+NDUtils.mm */,
			);
			path = objc;
			sourceTree = "<group>";
		};
		BA33798924E149BF0061B1DC /* QuartzCore */ = {
			isa = PBXGroup;
			children = (
				BA33798A24E14B520061B1DC /* CATransaction+NDUtils.h */,
				BA33798B24E14B530061B1DC /* CATransaction+NDUtils.mm */,
			);
			path = QuartzCore;
			sourceTree = "<group>";
		};
		BACED09024A1B38F00798A38 /* Foundation */ = {
			isa = PBXGroup;
			children = (
				BACED10A24A34B2400798A38 /* NDMacros.h */,
				BACED10B24A34B2400798A38 /* NDMacros.mm */,
				BA337A0824E3CC660061B1DC /* NSObject+NDUtils_Foundation.h */,
				BA337A0924E3CC660061B1DC /* NSObject+NDUtils_Foundation.mm */,
				BACED09124A1B3B900798A38 /* NSString+NDUtils.h */,
				BACED09224A1B3B900798A38 /* NSString+NDUtils.mm */,
			);
			path = Foundation;
			sourceTree = "<group>";
		};
		BACED10124A342BA00798A38 /* libextobjc */ = {
			isa = PBXGroup;
			children = (
				BACED10224A342E000798A38 /* EXTScope */,
				BACED10324A3430800798A38 /* RuntimeExtensions */,
			);
			path = libextobjc;
			sourceTree = "<group>";
		};
		BACED10224A342E000798A38 /* EXTScope */ = {
			isa = PBXGroup;
			children = (
				BACED10424A3436400798A38 /* EXTScope.h */,
				BACED10524A3436400798A38 /* EXTScope.m */,
			);
			name = EXTScope;
			sourceTree = "<group>";
		};
		BACED10324A3430800798A38 /* RuntimeExtensions */ = {
			isa = PBXGroup;
			children = (
				BACED10824A3436A00798A38 /* metamacros.h */,
			);
			name = RuntimeExtensions;
			sourceTree = "<group>";
		};
		BAFD7F6D247E1F7A00EC8CF3 = {
			isa = PBXGroup;
			children = (
				BAFD7FA3247E272200EC8CF3 /* Config */,
				BAFD7F79247E1F7A00EC8CF3 /* NDUtils */,
				BAFD7F84247E1F7A00EC8CF3 /* NDUtilsTests */,
				BAFD7F78247E1F7A00EC8CF3 /* Products */,
				BAFD7F9D247E214E00EC8CF3 /* Frameworks */,
				99E61FED668CA8745B73EEE5 /* Pods */,
			);
			indentWidth = 2;
			sourceTree = "<group>";
			tabWidth = 2;
		};
		BAFD7F78247E1F7A00EC8CF3 /* Products */ = {
			isa = PBXGroup;
			children = (
				BAFD7F77247E1F7A00EC8CF3 /* NDUtils.framework */,
				BAFD7F80247E1F7A00EC8CF3 /* NDUtilsTests.xctest */,
			);
			name = Products;
			sourceTree = "<group>";
		};
		BAFD7F79247E1F7A00EC8CF3 /* NDUtils */ = {
			isa = PBXGroup;
			children = (
				BACED10124A342BA00798A38 /* libextobjc */,
				BA33796724E138530061B1DC /* objc */,
				BACED09024A1B38F00798A38 /* Foundation */,
				BA33798924E149BF0061B1DC /* QuartzCore */,
				BAFD7F99247E208F00EC8CF3 /* UIKit */,
				BAFD7F7A247E1F7A00EC8CF3 /* NDUtils.h */,
				BA96091724BD4CF200EB97FB /* NDUtils.modulemap */,
				BAFD7F7B247E1F7A00EC8CF3 /* Info.plist */,
			);
			path = NDUtils;
			sourceTree = "<group>";
		};
		BAFD7F84247E1F7A00EC8CF3 /* NDUtilsTests */ = {
			isa = PBXGroup;
			children = (
				BAFD7F85247E1F7A00EC8CF3 /* NDUtilsTests.m */,
				BAFD7F87247E1F7A00EC8CF3 /* Info.plist */,
				BAFD7FA1247E23CD00EC8CF3 /* UIFontTests.swift */,
				BAFD7FAE247E37E400EC8CF3 /* UIColorTests.swift */,
				BAFD7FA0247E23CC00EC8CF3 /* NDUtilsTests-Bridging-Header.h */,
			);
			path = NDUtilsTests;
			sourceTree = "<group>";
		};
		BAFD7F99247E208F00EC8CF3 /* UIKit */ = {
			isa = PBXGroup;
			children = (
				BA33799224E1533B0061B1DC /* NSAttributedString+NDUtils_UIKit.h */,
				BA33799324E1533C0061B1DC /* NSAttributedString+NDUtils_UIKit.mm */,
				BAFD7F91247E1FA400EC8CF3 /* UIColor+NDUtils.h */,
				BAFD7F92247E1FA400EC8CF3 /* UIColor+NDUtils.mm */,
				BAFD7F95247E1FB700EC8CF3 /* UIFont+NDUtils.h */,
				BAFD7F96247E1FB700EC8CF3 /* UIFont+NDUtils.mm */,
				BA96091824BD506600EB97FB /* UIView+NDUtils.h */,
				BA96091924BD506600EB97FB /* UIView+NDUtils.mm */,
				BAA7BF5824CFDED900737B61 /* UIControl+NDUtils.h */,
				BAA7BF5924CFDED900737B61 /* UIControl+NDUtils.mm */,
				BA33795D24E1338E0061B1DC /* UIViewController+NDUtils_PanDownToDismiss.h */,
				BA33795E24E1338E0061B1DC /* UIViewController+NDUtils_PanDownToDismiss.mm */,
				BA33796E24E13DE30061B1DC /* UITextField+NDUtils.h */,
				BA33796F24E13DE30061B1DC /* UITextField+NDUtils.mm */,
				BA33797524E144F30061B1DC /* UITextView+NDUtils.h */,
				BA33797624E144F30061B1DC /* UITextView+NDUtils.mm */,
				BA33797A24E146330061B1DC /* UIScrollView+NDUtils.h */,
				BA33797B24E146330061B1DC /* UIScrollView+NDUtils.mm */,
				BA33797F24E147AD0061B1DC /* UINavigationController+NDUtils.h */,
				BA33798024E147AD0061B1DC /* UINavigationController+NDUtils.mm */,
				BA33798324E147BE0061B1DC /* UIImagePickerController+NDUtils.h */,
				BA33798424E147BE0061B1DC /* UIImagePickerController+NDUtils.mm */,
				BA337A0324E39C960061B1DC /* UIImage+NDUtils.h */,
				BA337A0424E39C960061B1DC /* UIImage+NDUtils.mm */,
				BABCD91424E6907100CCB07C /* UIDevice+NDUtils.h */,
				BABCD91524E6907100CCB07C /* UIDevice+NDUtils.mm */,
			);
			path = UIKit;
			sourceTree = "<group>";
		};
		BAFD7F9D247E214E00EC8CF3 /* Frameworks */ = {
			isa = PBXGroup;
			children = (
				BA33799024E150310061B1DC /* QuartzCore.framework */,
				BA33797324E143F20061B1DC /* CoreGraphics.framework */,
				BAFD7F9E247E214E00EC8CF3 /* UIKit.framework */,
				F206841960E47241E10E19B2 /* Pods_NDUtils.framework */,
				4A1A99E34699FDAF6637AEAC /* Pods_NDUtils_NDUtilsTests.framework */,
			);
			name = Frameworks;
			sourceTree = "<group>";
		};
		BAFD7FA3247E272200EC8CF3 /* Config */ = {
			isa = PBXGroup;
			children = (
				BAFD7FA5247E27B600EC8CF3 /* .swift-format */,
				BAFD7FA4247E27B500EC8CF3 /* .swiftlint.yml */,
				BAFD7FA7247E27B600EC8CF3 /* LICENSE */,
				BAFD7FA6247E27B600EC8CF3 /* NDUtils.podspec */,
				BAFD7FA8247E27B600EC8CF3 /* README.md */,
			);
			name = Config;
			sourceTree = "<group>";
		};
/* End PBXGroup section */

/* Begin PBXHeadersBuildPhase section */
		BAFD7F72247E1F7A00EC8CF3 /* Headers */ = {
			isa = PBXHeadersBuildPhase;
			buildActionMask = 2147483647;
			files = (
				BA33798124E147AD0061B1DC /* UINavigationController+NDUtils.h in Headers */,
				BA33795F24E1338E0061B1DC /* UIViewController+NDUtils_PanDownToDismiss.h in Headers */,
				BACED0FE24A30ED300798A38 /* NSObject+NDUtils.h in Headers */,
				BA33797C24E146330061B1DC /* UIScrollView+NDUtils.h in Headers */,
				BA337A0524E39C960061B1DC /* UIImage+NDUtils.h in Headers */,
				BA96091A24BD506600EB97FB /* UIView+NDUtils.h in Headers */,
				BAFD7F93247E1FA400EC8CF3 /* UIColor+NDUtils.h in Headers */,
				BA33797724E144F30061B1DC /* UITextView+NDUtils.h in Headers */,
				BACED10924A3436A00798A38 /* metamacros.h in Headers */,
				BAA7BF5A24CFDED900737B61 /* UIControl+NDUtils.h in Headers */,
				BAFD7F88247E1F7A00EC8CF3 /* NDUtils.h in Headers */,
				BA33796A24E138640061B1DC /* runtime+NDUtils.h in Headers */,
				BA33799424E1533C0061B1DC /* NSAttributedString+NDUtils_UIKit.h in Headers */,
				BACED09324A1B3B900798A38 /* NSString+NDUtils.h in Headers */,
				BA33796324E133EF0061B1DC /* NDPossession.h in Headers */,
				BA33798C24E14B530061B1DC /* CATransaction+NDUtils.h in Headers */,
				BAFD7F97247E1FB700EC8CF3 /* UIFont+NDUtils.h in Headers */,
				BA33798524E147BE0061B1DC /* UIImagePickerController+NDUtils.h in Headers */,
				BABCD91624E6907100CCB07C /* UIDevice+NDUtils.h in Headers */,
				BACED10624A3436500798A38 /* EXTScope.h in Headers */,
				BA33797024E13DE30061B1DC /* UITextField+NDUtils.h in Headers */,
				BACED10C24A34B2400798A38 /* NDMacros.h in Headers */,
				BA337A0A24E3CC660061B1DC /* NSObject+NDUtils_Foundation.h in Headers */,
			);
			runOnlyForDeploymentPostprocessing = 0;
		};
/* End PBXHeadersBuildPhase section */

/* Begin PBXNativeTarget section */
		BAFD7F76247E1F7A00EC8CF3 /* NDUtils */ = {
			isa = PBXNativeTarget;
			buildConfigurationList = BAFD7F8B247E1F7A00EC8CF3 /* Build configuration list for PBXNativeTarget "NDUtils" */;
			buildPhases = (
				68A08B86582E09796C91DFAF /* [CP] Check Pods Manifest.lock */,
				BAFD7F72247E1F7A00EC8CF3 /* Headers */,
				BACED09524A1B82700798A38 /* Copy Files Foundation */,
				BA33798E24E14F490061B1DC /* Copy Files QuartzCore */,
				BAFD7F9A247E20DE00EC8CF3 /* Copy Files UIKit */,
				BA96091E24BD56E900EB97FB /* Copy Files libextobjc */,
				BA33796C24E1391C0061B1DC /* Copy Files objc */,
				BAFD7F73247E1F7A00EC8CF3 /* Sources */,
				BAFD7F74247E1F7A00EC8CF3 /* Frameworks */,
				BAFD7F75247E1F7A00EC8CF3 /* Resources */,
			);
			buildRules = (
			);
			dependencies = (
			);
			name = NDUtils;
			productName = NDUtils;
			productReference = BAFD7F77247E1F7A00EC8CF3 /* NDUtils.framework */;
			productType = "com.apple.product-type.framework";
		};
		BAFD7F7F247E1F7A00EC8CF3 /* NDUtilsTests */ = {
			isa = PBXNativeTarget;
			buildConfigurationList = BAFD7F8E247E1F7A00EC8CF3 /* Build configuration list for PBXNativeTarget "NDUtilsTests" */;
			buildPhases = (
				000F1E45A79C8E2B26115849 /* [CP] Check Pods Manifest.lock */,
				BAFD7F7C247E1F7A00EC8CF3 /* Sources */,
				BAFD7F7D247E1F7A00EC8CF3 /* Frameworks */,
				BAFD7F7E247E1F7A00EC8CF3 /* Resources */,
				2C5EAE8ABC2C185CFAC5C38C /* [CP] Embed Pods Frameworks */,
			);
			buildRules = (
			);
			dependencies = (
				BAFD7F83247E1F7A00EC8CF3 /* PBXTargetDependency */,
			);
			name = NDUtilsTests;
			productName = NDUtilsTests;
			productReference = BAFD7F80247E1F7A00EC8CF3 /* NDUtilsTests.xctest */;
			productType = "com.apple.product-type.bundle.unit-test";
		};
/* End PBXNativeTarget section */

/* Begin PBXProject section */
		BAFD7F6E247E1F7A00EC8CF3 /* Project object */ = {
			isa = PBXProject;
			attributes = {
				LastUpgradeCheck = 1150;
				ORGANIZATIONNAME = "Nguyen Duc Hiep";
				TargetAttributes = {
					BAFD7F76247E1F7A00EC8CF3 = {
						CreatedOnToolsVersion = 11.5;
					};
					BAFD7F7F247E1F7A00EC8CF3 = {
						CreatedOnToolsVersion = 11.5;
						LastSwiftMigration = 1150;
					};
				};
			};
			buildConfigurationList = BAFD7F71247E1F7A00EC8CF3 /* Build configuration list for PBXProject "NDUtils" */;
			compatibilityVersion = "Xcode 9.3";
			developmentRegion = en;
			hasScannedForEncodings = 0;
			knownRegions = (
				en,
				Base,
			);
			mainGroup = BAFD7F6D247E1F7A00EC8CF3;
			productRefGroup = BAFD7F78247E1F7A00EC8CF3 /* Products */;
			projectDirPath = "";
			projectRoot = "";
			targets = (
				BAFD7F76247E1F7A00EC8CF3 /* NDUtils */,
				BAFD7F7F247E1F7A00EC8CF3 /* NDUtilsTests */,
			);
		};
/* End PBXProject section */

/* Begin PBXResourcesBuildPhase section */
		BAFD7F75247E1F7A00EC8CF3 /* Resources */ = {
			isa = PBXResourcesBuildPhase;
			buildActionMask = 2147483647;
			files = (
				BAFD7FAB247E27B600EC8CF3 /* NDUtils.podspec in Resources */,
				BAFD7FAA247E27B600EC8CF3 /* .swift-format in Resources */,
				BAFD7FAD247E27B600EC8CF3 /* README.md in Resources */,
				BAFD7FAC247E27B600EC8CF3 /* LICENSE in Resources */,
				BAFD7FA9247E27B600EC8CF3 /* .swiftlint.yml in Resources */,
			);
			runOnlyForDeploymentPostprocessing = 0;
		};
		BAFD7F7E247E1F7A00EC8CF3 /* Resources */ = {
			isa = PBXResourcesBuildPhase;
			buildActionMask = 2147483647;
			files = (
			);
			runOnlyForDeploymentPostprocessing = 0;
		};
/* End PBXResourcesBuildPhase section */

/* Begin PBXShellScriptBuildPhase section */
		000F1E45A79C8E2B26115849 /* [CP] Check Pods Manifest.lock */ = {
			isa = PBXShellScriptBuildPhase;
			buildActionMask = 2147483647;
			files = (
			);
			inputFileListPaths = (
			);
			inputPaths = (
				"${PODS_PODFILE_DIR_PATH}/Podfile.lock",
				"${PODS_ROOT}/Manifest.lock",
			);
			name = "[CP] Check Pods Manifest.lock";
			outputFileListPaths = (
			);
			outputPaths = (
				"$(DERIVED_FILE_DIR)/Pods-NDUtils-NDUtilsTests-checkManifestLockResult.txt",
			);
			runOnlyForDeploymentPostprocessing = 0;
			shellPath = /bin/sh;
			shellScript = "diff \"${PODS_PODFILE_DIR_PATH}/Podfile.lock\" \"${PODS_ROOT}/Manifest.lock\" > /dev/null\nif [ $? != 0 ] ; then\n    # print error to STDERR\n    echo \"error: The sandbox is not in sync with the Podfile.lock. Run 'pod install' or update your CocoaPods installation.\" >&2\n    exit 1\nfi\n# This output is used by Xcode 'outputs' to avoid re-running this script phase.\necho \"SUCCESS\" > \"${SCRIPT_OUTPUT_FILE_0}\"\n";
			showEnvVarsInLog = 0;
		};
		2C5EAE8ABC2C185CFAC5C38C /* [CP] Embed Pods Frameworks */ = {
			isa = PBXShellScriptBuildPhase;
			buildActionMask = 2147483647;
			files = (
			);
			inputFileListPaths = (
				"${PODS_ROOT}/Target Support Files/Pods-NDUtils-NDUtilsTests/Pods-NDUtils-NDUtilsTests-frameworks-${CONFIGURATION}-input-files.xcfilelist",
			);
			name = "[CP] Embed Pods Frameworks";
			outputFileListPaths = (
				"${PODS_ROOT}/Target Support Files/Pods-NDUtils-NDUtilsTests/Pods-NDUtils-NDUtilsTests-frameworks-${CONFIGURATION}-output-files.xcfilelist",
			);
			runOnlyForDeploymentPostprocessing = 0;
			shellPath = /bin/sh;
			shellScript = "\"${PODS_ROOT}/Target Support Files/Pods-NDUtils-NDUtilsTests/Pods-NDUtils-NDUtilsTests-frameworks.sh\"\n";
			showEnvVarsInLog = 0;
		};
		68A08B86582E09796C91DFAF /* [CP] Check Pods Manifest.lock */ = {
			isa = PBXShellScriptBuildPhase;
			buildActionMask = 2147483647;
			files = (
			);
			inputFileListPaths = (
			);
			inputPaths = (
				"${PODS_PODFILE_DIR_PATH}/Podfile.lock",
				"${PODS_ROOT}/Manifest.lock",
			);
			name = "[CP] Check Pods Manifest.lock";
			outputFileListPaths = (
			);
			outputPaths = (
				"$(DERIVED_FILE_DIR)/Pods-NDUtils-checkManifestLockResult.txt",
			);
			runOnlyForDeploymentPostprocessing = 0;
			shellPath = /bin/sh;
			shellScript = "diff \"${PODS_PODFILE_DIR_PATH}/Podfile.lock\" \"${PODS_ROOT}/Manifest.lock\" > /dev/null\nif [ $? != 0 ] ; then\n    # print error to STDERR\n    echo \"error: The sandbox is not in sync with the Podfile.lock. Run 'pod install' or update your CocoaPods installation.\" >&2\n    exit 1\nfi\n# This output is used by Xcode 'outputs' to avoid re-running this script phase.\necho \"SUCCESS\" > \"${SCRIPT_OUTPUT_FILE_0}\"\n";
			showEnvVarsInLog = 0;
		};
/* End PBXShellScriptBuildPhase section */

/* Begin PBXSourcesBuildPhase section */
		BAFD7F73247E1F7A00EC8CF3 /* Sources */ = {
			isa = PBXSourcesBuildPhase;
			buildActionMask = 2147483647;
			files = (
				BA33798D24E14B530061B1DC /* CATransaction+NDUtils.mm in Sources */,
				BACED10724A3436500798A38 /* EXTScope.m in Sources */,
				BA33797D24E146330061B1DC /* UIScrollView+NDUtils.mm in Sources */,
				BAFD7F98247E1FB700EC8CF3 /* UIFont+NDUtils.mm in Sources */,
				BA96091B24BD506600EB97FB /* UIView+NDUtils.mm in Sources */,
				BA33796024E1338E0061B1DC /* UIViewController+NDUtils_PanDownToDismiss.mm in Sources */,
				BA33796B24E138640061B1DC /* runtime+NDUtils.mm in Sources */,
				BA33797124E13DE30061B1DC /* UITextField+NDUtils.mm in Sources */,
				BA33798624E147BE0061B1DC /* UIImagePickerController+NDUtils.mm in Sources */,
				BA33798224E147AD0061B1DC /* UINavigationController+NDUtils.mm in Sources */,
				BA337A0624E39C960061B1DC /* UIImage+NDUtils.mm in Sources */,
				BA33799524E1533C0061B1DC /* NSAttributedString+NDUtils_UIKit.mm in Sources */,
				BA337A0B24E3CC660061B1DC /* NSObject+NDUtils_Foundation.mm in Sources */,
				BAA7BF5B24CFDED900737B61 /* UIControl+NDUtils.mm in Sources */,
				BACED10D24A34B2400798A38 /* NDMacros.mm in Sources */,
				BAFD7F94247E1FA400EC8CF3 /* UIColor+NDUtils.mm in Sources */,
				BA33796424E133EF0061B1DC /* NDPossession.mm in Sources */,
				BA33797824E144F30061B1DC /* UITextView+NDUtils.mm in Sources */,
				BABCD91724E6907100CCB07C /* UIDevice+NDUtils.mm in Sources */,
				BACED09424A1B3B900798A38 /* NSString+NDUtils.mm in Sources */,
				BACED0FF24A30ED300798A38 /* NSObject+NDUtils.mm in Sources */,
			);
			runOnlyForDeploymentPostprocessing = 0;
		};
		BAFD7F7C247E1F7A00EC8CF3 /* Sources */ = {
			isa = PBXSourcesBuildPhase;
			buildActionMask = 2147483647;
			files = (
				BAFD7FA2247E23CD00EC8CF3 /* UIFontTests.swift in Sources */,
				BAFD7FAF247E37E400EC8CF3 /* UIColorTests.swift in Sources */,
				BAFD7F86247E1F7A00EC8CF3 /* NDUtilsTests.m in Sources */,
			);
			runOnlyForDeploymentPostprocessing = 0;
		};
/* End PBXSourcesBuildPhase section */

/* Begin PBXTargetDependency section */
		BAFD7F83247E1F7A00EC8CF3 /* PBXTargetDependency */ = {
			isa = PBXTargetDependency;
			target = BAFD7F76247E1F7A00EC8CF3 /* NDUtils */;
			targetProxy = BAFD7F82247E1F7A00EC8CF3 /* PBXContainerItemProxy */;
		};
/* End PBXTargetDependency section */

/* Begin XCBuildConfiguration section */
		BAFD7F89247E1F7A00EC8CF3 /* Debug */ = {
			isa = XCBuildConfiguration;
			buildSettings = {
				ALWAYS_SEARCH_USER_PATHS = NO;
				CLANG_ANALYZER_NONNULL = YES;
				CLANG_ANALYZER_NUMBER_OBJECT_CONVERSION = YES_AGGRESSIVE;
				CLANG_CXX_LANGUAGE_STANDARD = "gnu++14";
				CLANG_CXX_LIBRARY = "libc++";
				CLANG_ENABLE_MODULES = YES;
				CLANG_ENABLE_OBJC_ARC = YES;
				CLANG_ENABLE_OBJC_WEAK = YES;
				CLANG_WARN_BLOCK_CAPTURE_AUTORELEASING = YES;
				CLANG_WARN_BOOL_CONVERSION = YES;
				CLANG_WARN_COMMA = YES;
				CLANG_WARN_CONSTANT_CONVERSION = YES;
				CLANG_WARN_DEPRECATED_OBJC_IMPLEMENTATIONS = YES;
				CLANG_WARN_DIRECT_OBJC_ISA_USAGE = YES_ERROR;
				CLANG_WARN_DOCUMENTATION_COMMENTS = YES;
				CLANG_WARN_EMPTY_BODY = YES;
				CLANG_WARN_ENUM_CONVERSION = YES;
				CLANG_WARN_INFINITE_RECURSION = YES;
				CLANG_WARN_INT_CONVERSION = YES;
				CLANG_WARN_NON_LITERAL_NULL_CONVERSION = YES;
				CLANG_WARN_OBJC_IMPLICIT_RETAIN_SELF = YES;
				CLANG_WARN_OBJC_LITERAL_CONVERSION = YES;
				CLANG_WARN_OBJC_ROOT_CLASS = YES_ERROR;
				CLANG_WARN_RANGE_LOOP_ANALYSIS = YES;
				CLANG_WARN_STRICT_PROTOTYPES = YES;
				CLANG_WARN_SUSPICIOUS_MOVE = YES;
				CLANG_WARN_UNGUARDED_AVAILABILITY = YES_AGGRESSIVE;
				CLANG_WARN_UNREACHABLE_CODE = YES;
				CLANG_WARN__DUPLICATE_METHOD_MATCH = YES;
				COPY_PHASE_STRIP = NO;
				CURRENT_PROJECT_VERSION = 1;
				DEBUG_INFORMATION_FORMAT = dwarf;
				ENABLE_STRICT_OBJC_MSGSEND = YES;
				ENABLE_TESTABILITY = YES;
				GCC_C_LANGUAGE_STANDARD = gnu11;
				GCC_DYNAMIC_NO_PIC = NO;
				GCC_NO_COMMON_BLOCKS = YES;
				GCC_OPTIMIZATION_LEVEL = 0;
				GCC_PREPROCESSOR_DEFINITIONS = (
					"DEBUG=1",
					"$(inherited)",
				);
				GCC_WARN_64_TO_32_BIT_CONVERSION = YES;
				GCC_WARN_ABOUT_RETURN_TYPE = YES_ERROR;
				GCC_WARN_UNDECLARED_SELECTOR = YES;
				GCC_WARN_UNINITIALIZED_AUTOS = YES_AGGRESSIVE;
				GCC_WARN_UNUSED_FUNCTION = YES;
				GCC_WARN_UNUSED_VARIABLE = YES;
				IPHONEOS_DEPLOYMENT_TARGET = 9.0;
				MTL_ENABLE_DEBUG_INFO = INCLUDE_SOURCE;
				MTL_FAST_MATH = YES;
				ONLY_ACTIVE_ARCH = YES;
				SDKROOT = iphoneos;
				VERSIONING_SYSTEM = "apple-generic";
				VERSION_INFO_PREFIX = "";
			};
			name = Debug;
		};
		BAFD7F8A247E1F7A00EC8CF3 /* Release */ = {
			isa = XCBuildConfiguration;
			buildSettings = {
				ALWAYS_SEARCH_USER_PATHS = NO;
				CLANG_ANALYZER_NONNULL = YES;
				CLANG_ANALYZER_NUMBER_OBJECT_CONVERSION = YES_AGGRESSIVE;
				CLANG_CXX_LANGUAGE_STANDARD = "gnu++14";
				CLANG_CXX_LIBRARY = "libc++";
				CLANG_ENABLE_MODULES = YES;
				CLANG_ENABLE_OBJC_ARC = YES;
				CLANG_ENABLE_OBJC_WEAK = YES;
				CLANG_WARN_BLOCK_CAPTURE_AUTORELEASING = YES;
				CLANG_WARN_BOOL_CONVERSION = YES;
				CLANG_WARN_COMMA = YES;
				CLANG_WARN_CONSTANT_CONVERSION = YES;
				CLANG_WARN_DEPRECATED_OBJC_IMPLEMENTATIONS = YES;
				CLANG_WARN_DIRECT_OBJC_ISA_USAGE = YES_ERROR;
				CLANG_WARN_DOCUMENTATION_COMMENTS = YES;
				CLANG_WARN_EMPTY_BODY = YES;
				CLANG_WARN_ENUM_CONVERSION = YES;
				CLANG_WARN_INFINITE_RECURSION = YES;
				CLANG_WARN_INT_CONVERSION = YES;
				CLANG_WARN_NON_LITERAL_NULL_CONVERSION = YES;
				CLANG_WARN_OBJC_IMPLICIT_RETAIN_SELF = YES;
				CLANG_WARN_OBJC_LITERAL_CONVERSION = YES;
				CLANG_WARN_OBJC_ROOT_CLASS = YES_ERROR;
				CLANG_WARN_RANGE_LOOP_ANALYSIS = YES;
				CLANG_WARN_STRICT_PROTOTYPES = YES;
				CLANG_WARN_SUSPICIOUS_MOVE = YES;
				CLANG_WARN_UNGUARDED_AVAILABILITY = YES_AGGRESSIVE;
				CLANG_WARN_UNREACHABLE_CODE = YES;
				CLANG_WARN__DUPLICATE_METHOD_MATCH = YES;
				COPY_PHASE_STRIP = NO;
				CURRENT_PROJECT_VERSION = 1;
				DEBUG_INFORMATION_FORMAT = "dwarf-with-dsym";
				ENABLE_NS_ASSERTIONS = NO;
				ENABLE_STRICT_OBJC_MSGSEND = YES;
				GCC_C_LANGUAGE_STANDARD = gnu11;
				GCC_NO_COMMON_BLOCKS = YES;
				GCC_WARN_64_TO_32_BIT_CONVERSION = YES;
				GCC_WARN_ABOUT_RETURN_TYPE = YES_ERROR;
				GCC_WARN_UNDECLARED_SELECTOR = YES;
				GCC_WARN_UNINITIALIZED_AUTOS = YES_AGGRESSIVE;
				GCC_WARN_UNUSED_FUNCTION = YES;
				GCC_WARN_UNUSED_VARIABLE = YES;
				IPHONEOS_DEPLOYMENT_TARGET = 9.0;
				MTL_ENABLE_DEBUG_INFO = NO;
				MTL_FAST_MATH = YES;
				SDKROOT = iphoneos;
				SWIFT_COMPILATION_MODE = wholemodule;
				VALIDATE_PRODUCT = YES;
				VERSIONING_SYSTEM = "apple-generic";
				VERSION_INFO_PREFIX = "";
			};
			name = Release;
		};
		BAFD7F8C247E1F7A00EC8CF3 /* Debug */ = {
			isa = XCBuildConfiguration;
			baseConfigurationReference = 28A5832CC16DCDCD5E92A67E /* Pods-NDUtils.debug.xcconfig */;
			buildSettings = {
				CODE_SIGN_STYLE = Automatic;
				DEFINES_MODULE = YES;
				DEVELOPMENT_TEAM = 6UKD7V9S9N;
				DYLIB_COMPATIBILITY_VERSION = 1;
				DYLIB_CURRENT_VERSION = 1;
				DYLIB_INSTALL_NAME_BASE = "@rpath";
				INFOPLIST_FILE = NDUtils/Info.plist;
				INSTALL_PATH = "$(LOCAL_LIBRARY_DIR)/Frameworks";
				LD_RUNPATH_SEARCH_PATHS = (
					"$(inherited)",
					"@executable_path/Frameworks",
					"@loader_path/Frameworks",
				);
				PRODUCT_BUNDLE_IDENTIFIER = com.neodata.NDUtils;
				PRODUCT_NAME = "$(TARGET_NAME:c99extidentifier)";
				SKIP_INSTALL = YES;
				SUPPORTS_MACCATALYST = NO;
				TARGETED_DEVICE_FAMILY = "1,2";
				USER_HEADER_SEARCH_PATHS = "$(SRCROOT)/$(PROJECTNAME)";
			};
			name = Debug;
		};
		BAFD7F8D247E1F7A00EC8CF3 /* Release */ = {
			isa = XCBuildConfiguration;
			baseConfigurationReference = ABE3B821EE5CFF9CE3889C33 /* Pods-NDUtils.release.xcconfig */;
			buildSettings = {
				CODE_SIGN_STYLE = Automatic;
				DEFINES_MODULE = YES;
				DEVELOPMENT_TEAM = 6UKD7V9S9N;
				DYLIB_COMPATIBILITY_VERSION = 1;
				DYLIB_CURRENT_VERSION = 1;
				DYLIB_INSTALL_NAME_BASE = "@rpath";
				INFOPLIST_FILE = NDUtils/Info.plist;
				INSTALL_PATH = "$(LOCAL_LIBRARY_DIR)/Frameworks";
				LD_RUNPATH_SEARCH_PATHS = (
					"$(inherited)",
					"@executable_path/Frameworks",
					"@loader_path/Frameworks",
				);
				PRODUCT_BUNDLE_IDENTIFIER = com.neodata.NDUtils;
				PRODUCT_NAME = "$(TARGET_NAME:c99extidentifier)";
				SKIP_INSTALL = YES;
				SUPPORTS_MACCATALYST = NO;
				TARGETED_DEVICE_FAMILY = "1,2";
				USER_HEADER_SEARCH_PATHS = "$(SRCROOT)/$(PROJECTNAME)";
			};
			name = Release;
		};
		BAFD7F8F247E1F7A00EC8CF3 /* Debug */ = {
			isa = XCBuildConfiguration;
			baseConfigurationReference = A76273796DC9473A2F2A7758 /* Pods-NDUtils-NDUtilsTests.debug.xcconfig */;
			buildSettings = {
				CLANG_ENABLE_MODULES = YES;
				CODE_SIGN_STYLE = Automatic;
				DEVELOPMENT_TEAM = 6UKD7V9S9N;
				INFOPLIST_FILE = NDUtilsTests/Info.plist;
				LD_RUNPATH_SEARCH_PATHS = (
					"$(inherited)",
					"@executable_path/Frameworks",
					"@loader_path/Frameworks",
				);
				PRODUCT_BUNDLE_IDENTIFIER = com.neodata.NDUtilsTests;
				PRODUCT_NAME = "$(TARGET_NAME)";
				SWIFT_OBJC_BRIDGING_HEADER = "NDUtilsTests/NDUtilsTests-Bridging-Header.h";
				SWIFT_OPTIMIZATION_LEVEL = "-Onone";
				SWIFT_VERSION = 5.0;
				TARGETED_DEVICE_FAMILY = "1,2";
			};
			name = Debug;
		};
		BAFD7F90247E1F7A00EC8CF3 /* Release */ = {
			isa = XCBuildConfiguration;
			baseConfigurationReference = EDB36C6E5087DAC10A3A1206 /* Pods-NDUtils-NDUtilsTests.release.xcconfig */;
			buildSettings = {
				CLANG_ENABLE_MODULES = YES;
				CODE_SIGN_STYLE = Automatic;
				DEVELOPMENT_TEAM = 6UKD7V9S9N;
				INFOPLIST_FILE = NDUtilsTests/Info.plist;
				LD_RUNPATH_SEARCH_PATHS = (
					"$(inherited)",
					"@executable_path/Frameworks",
					"@loader_path/Frameworks",
				);
				PRODUCT_BUNDLE_IDENTIFIER = com.neodata.NDUtilsTests;
				PRODUCT_NAME = "$(TARGET_NAME)";
				SWIFT_OBJC_BRIDGING_HEADER = "NDUtilsTests/NDUtilsTests-Bridging-Header.h";
				SWIFT_VERSION = 5.0;
				TARGETED_DEVICE_FAMILY = "1,2";
			};
			name = Release;
		};
/* End XCBuildConfiguration section */

/* Begin XCConfigurationList section */
		BAFD7F71247E1F7A00EC8CF3 /* Build configuration list for PBXProject "NDUtils" */ = {
			isa = XCConfigurationList;
			buildConfigurations = (
				BAFD7F89247E1F7A00EC8CF3 /* Debug */,
				BAFD7F8A247E1F7A00EC8CF3 /* Release */,
			);
			defaultConfigurationIsVisible = 0;
			defaultConfigurationName = Release;
		};
		BAFD7F8B247E1F7A00EC8CF3 /* Build configuration list for PBXNativeTarget "NDUtils" */ = {
			isa = XCConfigurationList;
			buildConfigurations = (
				BAFD7F8C247E1F7A00EC8CF3 /* Debug */,
				BAFD7F8D247E1F7A00EC8CF3 /* Release */,
			);
			defaultConfigurationIsVisible = 0;
			defaultConfigurationName = Release;
		};
		BAFD7F8E247E1F7A00EC8CF3 /* Build configuration list for PBXNativeTarget "NDUtilsTests" */ = {
			isa = XCConfigurationList;
			buildConfigurations = (
				BAFD7F8F247E1F7A00EC8CF3 /* Debug */,
				BAFD7F90247E1F7A00EC8CF3 /* Release */,
			);
			defaultConfigurationIsVisible = 0;
			defaultConfigurationName = Release;
		};
/* End XCConfigurationList section */
	};
	rootObject = BAFD7F6E247E1F7A00EC8CF3 /* Project object */;
}
